
Microsoft Visual Studio Solution File, Format Version 12.00
# Visual Studio Version 17
VisualStudioVersion = 17.8.34004.107
MinimumVisualStudioVersion = 10.0.40219.1
Project("{2150E333-8FDC-42A3-9474-1A3956D46DE8}") = "Services", "Services", "{7118D80D-F345-4CEF-B337-51F4EFB0C02B}"
EndProject
Project("{9A19103F-16F7-4668-BE54-9A1E7A4F7556}") = "ProductCatalog.API", "ProductCatalog.cs\ProductCatalog.API.csproj", "{2321C6B7-BF8E-40B2-AB37-A05D4025EA79}"
EndProject
Project("{2150E333-8FDC-42A3-9474-1A3956D46DE8}") = "Presentation", "Presentation", "{E7A78087-A194-4CFB-9E7E-D87EECE04F04}"
EndProject
Project("{2150E333-8FDC-42A3-9474-1A3956D46DE8}") = "Core", "Core", "{36750422-A891-4B98-8C85-F94C01B2ACEC}"
EndProject
Project("{2150E333-8FDC-42A3-9474-1A3956D46DE8}") = "Infrastructure", "Infrastructure", "{40215BB2-85C2-499C-AD84-AE369E5AF9AC}"
EndProject
Project("{9A19103F-16F7-4668-BE54-9A1E7A4F7556}") = "ProductCatalog.Application", "ProductCatalog.Application\ProductCatalog.Application.csproj", "{E04CCD94-BC4B-4A23-96F8-4D1C5A5AD7BA}"
EndProject
Project("{9A19103F-16F7-4668-BE54-9A1E7A4F7556}") = "ProductCatalog.Domain", "ProductCatalog.Domain\ProductCatalog.Domain.csproj", "{98732E1F-8778-4A6D-95BC-AB80EB88C946}"
EndProject
Project("{9A19103F-16F7-4668-BE54-9A1E7A4F7556}") = "ProductCatalog.Persistence", "ProductCatalog.Data\ProductCatalog.Persistence.csproj", "{EE13035A-0495-41E4-995E-8B5AC967F330}"
EndProject
Project("{2150E333-8FDC-42A3-9474-1A3956D46DE8}") = "Product", "Product", "{1BB4FED0-D1C4-48B0-96F7-4C02151514F9}"
EndProject
Project("{2150E333-8FDC-42A3-9474-1A3956D46DE8}") = "Gateway", "Gateway", "{48226892-ED6F-493E-99AF-F9EBA10E782D}"
EndProject
Project("{9A19103F-16F7-4668-BE54-9A1E7A4F7556}") = "Gateway", "Gateway\Gateway.csproj", "{62C99674-CC3E-48E7-A01D-2296B6255E58}"
EndProject
Project("{2150E333-8FDC-42A3-9474-1A3956D46DE8}") = "ShoppingCart", "ShoppingCart", "{49EE445C-BC67-48E0-B137-65743B3142D8}"
EndProject
Project("{2150E333-8FDC-42A3-9474-1A3956D46DE8}") = "Presentation", "Presentation", "{5D9F5FC6-EED5-4D3D-9CAF-6D9F278CDE5B}"
EndProject
Project("{2150E333-8FDC-42A3-9474-1A3956D46DE8}") = "Infrastructure", "Infrastructure", "{94971BF3-1B2F-47E7-B6E4-EFF04A841D42}"
EndProject
Project("{2150E333-8FDC-42A3-9474-1A3956D46DE8}") = "Core", "Core", "{C71ACDC4-AC63-4C2D-AD4D-CEEB008AE6E4}"
EndProject
Project("{9A19103F-16F7-4668-BE54-9A1E7A4F7556}") = "ShoppingCart.API", "ShoppingCart.API\ShoppingCart.API.csproj", "{A7753DA5-0BD2-42B7-A7A8-AE57BB3BFF59}"
EndProject
Project("{9A19103F-16F7-4668-BE54-9A1E7A4F7556}") = "ShoppingCart.Persistence", "ShoppingCatalog.Persistence\ShoppingCart.Persistence.csproj", "{EBA57AA6-53AB-4B2E-BFD4-4B0109F356C2}"
EndProject
Project("{9A19103F-16F7-4668-BE54-9A1E7A4F7556}") = "ShoppingCart.Application", "ShoppingCart.Application\ShoppingCart.Application.csproj", "{3BE512C5-BAC1-491A-AECA-B03B26414B4E}"
EndProject
Project("{9A19103F-16F7-4668-BE54-9A1E7A4F7556}") = "ShoppingCart.Domain", "ChoppingCart.Domain\ShoppingCart.Domain.csproj", "{5205E816-C61D-4787-958F-99EE420890C9}"
EndProject
Project("{2150E333-8FDC-42A3-9474-1A3956D46DE8}") = "Identity", "Identity", "{75D09FB3-C490-4EB8-B1C8-92CDCB8AD95C}"
EndProject
Project("{9A19103F-16F7-4668-BE54-9A1E7A4F7556}") = "Identity.API", "Identity.API\Identity.API.csproj", "{5B3BA806-2490-4C5D-A736-FDB93C7DE89A}"
EndProject
Project("{2150E333-8FDC-42A3-9474-1A3956D46DE8}") = "Presentation", "Presentation", "{A52D403A-3641-4597-A028-153868854EC5}"
EndProject
Project("{2150E333-8FDC-42A3-9474-1A3956D46DE8}") = "Infrastructure", "Infrastructure", "{CFE36D18-C728-4507-A57D-167F73FE8141}"
EndProject
Project("{9A19103F-16F7-4668-BE54-9A1E7A4F7556}") = "Identity.Persistence", "Identity.Persistence\Identity.Persistence.csproj", "{6AF8CDD1-8344-4C1D-8CC8-DC41057726F9}"
EndProject
Project("{2150E333-8FDC-42A3-9474-1A3956D46DE8}") = "Core", "Core", "{7FA4642B-39B0-424D-995A-9A9509E48F63}"
EndProject
Project("{FAE04EC0-301F-11D3-BF4B-00C04F79EFBC}") = "Identity.Application", "Identity.Application\Identity.Application.csproj", "{F7802D8C-05E2-40C1-AD19-F4D2393A913A}"
EndProject
Global
	GlobalSection(SolutionConfigurationPlatforms) = preSolution
		Debug|Any CPU = Debug|Any CPU
		Release|Any CPU = Release|Any CPU
	EndGlobalSection
	GlobalSection(ProjectConfigurationPlatforms) = postSolution
		{2321C6B7-BF8E-40B2-AB37-A05D4025EA79}.Debug|Any CPU.ActiveCfg = Debug|Any CPU
		{2321C6B7-BF8E-40B2-AB37-A05D4025EA79}.Debug|Any CPU.Build.0 = Debug|Any CPU
		{2321C6B7-BF8E-40B2-AB37-A05D4025EA79}.Release|Any CPU.ActiveCfg = Release|Any CPU
		{2321C6B7-BF8E-40B2-AB37-A05D4025EA79}.Release|Any CPU.Build.0 = Release|Any CPU
		{E04CCD94-BC4B-4A23-96F8-4D1C5A5AD7BA}.Debug|Any CPU.ActiveCfg = Debug|Any CPU
		{E04CCD94-BC4B-4A23-96F8-4D1C5A5AD7BA}.Debug|Any CPU.Build.0 = Debug|Any CPU
		{E04CCD94-BC4B-4A23-96F8-4D1C5A5AD7BA}.Release|Any CPU.ActiveCfg = Release|Any CPU
		{E04CCD94-BC4B-4A23-96F8-4D1C5A5AD7BA}.Release|Any CPU.Build.0 = Release|Any CPU
		{98732E1F-8778-4A6D-95BC-AB80EB88C946}.Debug|Any CPU.ActiveCfg = Debug|Any CPU
		{98732E1F-8778-4A6D-95BC-AB80EB88C946}.Debug|Any CPU.Build.0 = Debug|Any CPU
		{98732E1F-8778-4A6D-95BC-AB80EB88C946}.Release|Any CPU.ActiveCfg = Release|Any CPU
		{98732E1F-8778-4A6D-95BC-AB80EB88C946}.Release|Any CPU.Build.0 = Release|Any CPU
		{EE13035A-0495-41E4-995E-8B5AC967F330}.Debug|Any CPU.ActiveCfg = Debug|Any CPU
		{EE13035A-0495-41E4-995E-8B5AC967F330}.Debug|Any CPU.Build.0 = Debug|Any CPU
		{EE13035A-0495-41E4-995E-8B5AC967F330}.Release|Any CPU.ActiveCfg = Release|Any CPU
		{EE13035A-0495-41E4-995E-8B5AC967F330}.Release|Any CPU.Build.0 = Release|Any CPU
		{62C99674-CC3E-48E7-A01D-2296B6255E58}.Debug|Any CPU.ActiveCfg = Debug|Any CPU
		{62C99674-CC3E-48E7-A01D-2296B6255E58}.Debug|Any CPU.Build.0 = Debug|Any CPU
		{62C99674-CC3E-48E7-A01D-2296B6255E58}.Release|Any CPU.ActiveCfg = Release|Any CPU
		{62C99674-CC3E-48E7-A01D-2296B6255E58}.Release|Any CPU.Build.0 = Release|Any CPU
		{A7753DA5-0BD2-42B7-A7A8-AE57BB3BFF59}.Debug|Any CPU.ActiveCfg = Debug|Any CPU
		{A7753DA5-0BD2-42B7-A7A8-AE57BB3BFF59}.Debug|Any CPU.Build.0 = Debug|Any CPU
		{A7753DA5-0BD2-42B7-A7A8-AE57BB3BFF59}.Release|Any CPU.ActiveCfg = Release|Any CPU
		{A7753DA5-0BD2-42B7-A7A8-AE57BB3BFF59}.Release|Any CPU.Build.0 = Release|Any CPU
		{EBA57AA6-53AB-4B2E-BFD4-4B0109F356C2}.Debug|Any CPU.ActiveCfg = Debug|Any CPU
		{EBA57AA6-53AB-4B2E-BFD4-4B0109F356C2}.Debug|Any CPU.Build.0 = Debug|Any CPU
		{EBA57AA6-53AB-4B2E-BFD4-4B0109F356C2}.Release|Any CPU.ActiveCfg = Release|Any CPU
		{EBA57AA6-53AB-4B2E-BFD4-4B0109F356C2}.Release|Any CPU.Build.0 = Release|Any CPU
		{3BE512C5-BAC1-491A-AECA-B03B26414B4E}.Debug|Any CPU.ActiveCfg = Debug|Any CPU
		{3BE512C5-BAC1-491A-AECA-B03B26414B4E}.Debug|Any CPU.Build.0 = Debug|Any CPU
		{3BE512C5-BAC1-491A-AECA-B03B26414B4E}.Release|Any CPU.ActiveCfg = Release|Any CPU
		{3BE512C5-BAC1-491A-AECA-B03B26414B4E}.Release|Any CPU.Build.0 = Release|Any CPU
		{5205E816-C61D-4787-958F-99EE420890C9}.Debug|Any CPU.ActiveCfg = Debug|Any CPU
		{5205E816-C61D-4787-958F-99EE420890C9}.Debug|Any CPU.Build.0 = Debug|Any CPU
		{5205E816-C61D-4787-958F-99EE420890C9}.Release|Any CPU.ActiveCfg = Release|Any CPU
		{5205E816-C61D-4787-958F-99EE420890C9}.Release|Any CPU.Build.0 = Release|Any CPU
		{5B3BA806-2490-4C5D-A736-FDB93C7DE89A}.Debug|Any CPU.ActiveCfg = Debug|Any CPU
		{5B3BA806-2490-4C5D-A736-FDB93C7DE89A}.Debug|Any CPU.Build.0 = Debug|Any CPU
		{5B3BA806-2490-4C5D-A736-FDB93C7DE89A}.Release|Any CPU.ActiveCfg = Release|Any CPU
		{5B3BA806-2490-4C5D-A736-FDB93C7DE89A}.Release|Any CPU.Build.0 = Release|Any CPU
		{6AF8CDD1-8344-4C1D-8CC8-DC41057726F9}.Debug|Any CPU.ActiveCfg = Debug|Any CPU
		{6AF8CDD1-8344-4C1D-8CC8-DC41057726F9}.Debug|Any CPU.Build.0 = Debug|Any CPU
		{6AF8CDD1-8344-4C1D-8CC8-DC41057726F9}.Release|Any CPU.ActiveCfg = Release|Any CPU
		{6AF8CDD1-8344-4C1D-8CC8-DC41057726F9}.Release|Any CPU.Build.0 = Release|Any CPU
		{F7802D8C-05E2-40C1-AD19-F4D2393A913A}.Debug|Any CPU.ActiveCfg = Debug|Any CPU
		{F7802D8C-05E2-40C1-AD19-F4D2393A913A}.Debug|Any CPU.Build.0 = Debug|Any CPU
		{F7802D8C-05E2-40C1-AD19-F4D2393A913A}.Release|Any CPU.ActiveCfg = Release|Any CPU
		{F7802D8C-05E2-40C1-AD19-F4D2393A913A}.Release|Any CPU.Build.0 = Release|Any CPU
	EndGlobalSection
	GlobalSection(SolutionProperties) = preSolution
		HideSolutionNode = FALSE
	EndGlobalSection
	GlobalSection(NestedProjects) = preSolution
		{2321C6B7-BF8E-40B2-AB37-A05D4025EA79} = {E7A78087-A194-4CFB-9E7E-D87EECE04F04}
		{E7A78087-A194-4CFB-9E7E-D87EECE04F04} = {1BB4FED0-D1C4-48B0-96F7-4C02151514F9}
		{36750422-A891-4B98-8C85-F94C01B2ACEC} = {1BB4FED0-D1C4-48B0-96F7-4C02151514F9}
		{40215BB2-85C2-499C-AD84-AE369E5AF9AC} = {1BB4FED0-D1C4-48B0-96F7-4C02151514F9}
		{E04CCD94-BC4B-4A23-96F8-4D1C5A5AD7BA} = {36750422-A891-4B98-8C85-F94C01B2ACEC}
		{98732E1F-8778-4A6D-95BC-AB80EB88C946} = {36750422-A891-4B98-8C85-F94C01B2ACEC}
		{EE13035A-0495-41E4-995E-8B5AC967F330} = {40215BB2-85C2-499C-AD84-AE369E5AF9AC}
		{1BB4FED0-D1C4-48B0-96F7-4C02151514F9} = {7118D80D-F345-4CEF-B337-51F4EFB0C02B}
		{62C99674-CC3E-48E7-A01D-2296B6255E58} = {48226892-ED6F-493E-99AF-F9EBA10E782D}
		{49EE445C-BC67-48E0-B137-65743B3142D8} = {7118D80D-F345-4CEF-B337-51F4EFB0C02B}
		{5D9F5FC6-EED5-4D3D-9CAF-6D9F278CDE5B} = {49EE445C-BC67-48E0-B137-65743B3142D8}
		{94971BF3-1B2F-47E7-B6E4-EFF04A841D42} = {49EE445C-BC67-48E0-B137-65743B3142D8}
		{C71ACDC4-AC63-4C2D-AD4D-CEEB008AE6E4} = {49EE445C-BC67-48E0-B137-65743B3142D8}
		{A7753DA5-0BD2-42B7-A7A8-AE57BB3BFF59} = {5D9F5FC6-EED5-4D3D-9CAF-6D9F278CDE5B}
		{EBA57AA6-53AB-4B2E-BFD4-4B0109F356C2} = {94971BF3-1B2F-47E7-B6E4-EFF04A841D42}
		{3BE512C5-BAC1-491A-AECA-B03B26414B4E} = {C71ACDC4-AC63-4C2D-AD4D-CEEB008AE6E4}
		{5205E816-C61D-4787-958F-99EE420890C9} = {C71ACDC4-AC63-4C2D-AD4D-CEEB008AE6E4}
		{75D09FB3-C490-4EB8-B1C8-92CDCB8AD95C} = {7118D80D-F345-4CEF-B337-51F4EFB0C02B}
		{5B3BA806-2490-4C5D-A736-FDB93C7DE89A} = {A52D403A-3641-4597-A028-153868854EC5}
		{A52D403A-3641-4597-A028-153868854EC5} = {75D09FB3-C490-4EB8-B1C8-92CDCB8AD95C}
		{CFE36D18-C728-4507-A57D-167F73FE8141} = {75D09FB3-C490-4EB8-B1C8-92CDCB8AD95C}
		{6AF8CDD1-8344-4C1D-8CC8-DC41057726F9} = {CFE36D18-C728-4507-A57D-167F73FE8141}
		{7FA4642B-39B0-424D-995A-9A9509E48F63} = {75D09FB3-C490-4EB8-B1C8-92CDCB8AD95C}
		{F7802D8C-05E2-40C1-AD19-F4D2393A913A} = {7FA4642B-39B0-424D-995A-9A9509E48F63}
	EndGlobalSection
	GlobalSection(ExtensibilityGlobals) = postSolution
		SolutionGuid = {25D1D087-E7BF-4B90-B42F-0D1B82CE6C4B}
	EndGlobalSection
EndGlobal
