
Microsoft Visual Studio Solution File, Format Version 12.00
# Visual Studio Version 17
VisualStudioVersion = 17.8.34004.107
MinimumVisualStudioVersion = 10.0.40219.1
Project("{2150E333-8FDC-42A3-9474-1A3956D46DE8}") = "Services", "Services", "{7118D80D-F345-4CEF-B337-51F4EFB0C02B}"
EndProject
Project("{2150E333-8FDC-42A3-9474-1A3956D46DE8}") = "Presentation", "Presentation", "{E7A78087-A194-4CFB-9E7E-D87EECE04F04}"
EndProject
Project("{2150E333-8FDC-42A3-9474-1A3956D46DE8}") = "Core", "Core", "{36750422-A891-4B98-8C85-F94C01B2ACEC}"
EndProject
Project("{2150E333-8FDC-42A3-9474-1A3956D46DE8}") = "Infrastructure", "Infrastructure", "{40215BB2-85C2-499C-AD84-AE369E5AF9AC}"
EndProject
Project("{2150E333-8FDC-42A3-9474-1A3956D46DE8}") = "Product", "Product", "{1BB4FED0-D1C4-48B0-96F7-4C02151514F9}"
EndProject
Project("{2150E333-8FDC-42A3-9474-1A3956D46DE8}") = "Gateway", "Gateway", "{48226892-ED6F-493E-99AF-F9EBA10E782D}"
EndProject
Project("{9A19103F-16F7-4668-BE54-9A1E7A4F7556}") = "Gateway", "Gateway\Gateway.csproj", "{62C99674-CC3E-48E7-A01D-2296B6255E58}"
EndProject
Project("{2150E333-8FDC-42A3-9474-1A3956D46DE8}") = "ShoppingCart", "ShoppingCart", "{49EE445C-BC67-48E0-B137-65743B3142D8}"
EndProject
Project("{2150E333-8FDC-42A3-9474-1A3956D46DE8}") = "Presentation", "Presentation", "{5D9F5FC6-EED5-4D3D-9CAF-6D9F278CDE5B}"
EndProject
Project("{2150E333-8FDC-42A3-9474-1A3956D46DE8}") = "Infrastructure", "Infrastructure", "{94971BF3-1B2F-47E7-B6E4-EFF04A841D42}"
EndProject
Project("{2150E333-8FDC-42A3-9474-1A3956D46DE8}") = "Core", "Core", "{C71ACDC4-AC63-4C2D-AD4D-CEEB008AE6E4}"
EndProject
Project("{2150E333-8FDC-42A3-9474-1A3956D46DE8}") = "Identity", "Identity", "{75D09FB3-C490-4EB8-B1C8-92CDCB8AD95C}"
EndProject
Project("{2150E333-8FDC-42A3-9474-1A3956D46DE8}") = "Presentation", "Presentation", "{A52D403A-3641-4597-A028-153868854EC5}"
EndProject
Project("{2150E333-8FDC-42A3-9474-1A3956D46DE8}") = "Infrastructure", "Infrastructure", "{CFE36D18-C728-4507-A57D-167F73FE8141}"
EndProject
Project("{2150E333-8FDC-42A3-9474-1A3956D46DE8}") = "Core", "Core", "{7FA4642B-39B0-424D-995A-9A9509E48F63}"
EndProject
Project("{9A19103F-16F7-4668-BE54-9A1E7A4F7556}") = "JwtAuthenticationManager", "JwtAuthenticationManager\JwtAuthenticationManager.csproj", "{6BAC3B4A-F293-4EBA-86B1-C8DDC9E40F20}"
EndProject
Project("{2150E333-8FDC-42A3-9474-1A3956D46DE8}") = "Consumer", "Consumer", "{9275D4CB-D97B-4281-9BCA-9B50130BA625}"
EndProject
Project("{2150E333-8FDC-42A3-9474-1A3956D46DE8}") = "Notification", "Notification", "{90DFDF09-862D-40D5-99A5-841419232449}"
EndProject
Project("{9A19103F-16F7-4668-BE54-9A1E7A4F7556}") = "Consumer", "Consumer.Background\Consumer.csproj", "{566B11C7-BE4C-413B-A964-91CA88C7FDCD}"
EndProject
Project("{2150E333-8FDC-42A3-9474-1A3956D46DE8}") = "MassTransitConsumer", "MassTransitConsumer", "{4C65BD74-0966-4E77-B3AA-1B142BC618DF}"
EndProject
Project("{9A19103F-16F7-4668-BE54-9A1E7A4F7556}") = "SharedModels", "SharedModels\SharedModels.csproj", "{7FEC6AA6-AC02-49FF-89EE-E476908250B2}"
EndProject
Project("{9A19103F-16F7-4668-BE54-9A1E7A4F7556}") = "MessageService.cs", "MessgaeService.cs\MessageService.cs.csproj", "{AD8DB5BC-B151-4489-9317-43AD3639ED98}"
EndProject
Project("{2150E333-8FDC-42A3-9474-1A3956D46DE8}") = "src", "src", "{4E7AEDC5-041C-405E-BD26-2169EB4C840F}"
EndProject
Project("{9A19103F-16F7-4668-BE54-9A1E7A4F7556}") = "Identity.Application", "Services\Identity\src\Core\Identity.Application\Identity.Application.csproj", "{4565945B-8CCC-4796-8282-0DEEA1247BE1}"
EndProject
Project("{9A19103F-16F7-4668-BE54-9A1E7A4F7556}") = "Identity.Domain", "Services\Identity\src\Core\Identity.Model\Identity.Domain.csproj", "{F280C326-B55C-40F9-985E-9971A56CE832}"
EndProject
Project("{9A19103F-16F7-4668-BE54-9A1E7A4F7556}") = "Identity.Infrastructure", "Services\Identity\src\Infrastructure\Identity.Infrastructure\Identity.Infrastructure.csproj", "{7F4A65D2-8F7A-4913-A8F6-44E4931555A7}"
EndProject
Project("{9A19103F-16F7-4668-BE54-9A1E7A4F7556}") = "Identity.Persistence", "Services\Identity\src\Infrastructure\Identity.Persistence\Identity.Persistence.csproj", "{A989A7F2-FE61-4309-8BA0-06E9B274D6EB}"
EndProject
Project("{9A19103F-16F7-4668-BE54-9A1E7A4F7556}") = "Identity.API", "Services\Identity\src\Presentation\Identity.API\Identity.API.csproj", "{5F0B882E-445F-4788-A1B8-E96FB1EC6007}"
EndProject
Project("{2150E333-8FDC-42A3-9474-1A3956D46DE8}") = "tests", "tests", "{6CAC3A61-C2A5-446E-9C76-8BC70E9B3680}"
EndProject
Project("{2150E333-8FDC-42A3-9474-1A3956D46DE8}") = "src", "src", "{653253F0-9557-440D-A25E-455E25D6AD1B}"
EndProject
Project("{2150E333-8FDC-42A3-9474-1A3956D46DE8}") = "tests", "tests", "{EC8AACB6-3AF4-4AC4-8CBD-E5151CA4974D}"
EndProject
Project("{9A19103F-16F7-4668-BE54-9A1E7A4F7556}") = "ProductCatalog.Application", "Services\Product\src\Core\ProductCatalog.Application\ProductCatalog.Application.csproj", "{E170004F-5CD9-4EAD-BAD6-CE0C053A709A}"
EndProject
Project("{9A19103F-16F7-4668-BE54-9A1E7A4F7556}") = "ProductCatalog.Domain", "Services\Product\src\Core\ProductCatalog.Domain\ProductCatalog.Domain.csproj", "{4403F3DB-3EE4-4D27-8C47-CDB3DD15FC0B}"
EndProject
Project("{9A19103F-16F7-4668-BE54-9A1E7A4F7556}") = "ProductCatalog.Persistence", "Services\Product\src\Infrastructure\ProductCatalog.Data\ProductCatalog.Persistence.csproj", "{44BFE9E5-586A-448F-B9F4-74FE88748A8B}"
EndProject
Project("{9A19103F-16F7-4668-BE54-9A1E7A4F7556}") = "ProductCatalog.API", "Services\Product\src\Presentation\ProductCatalog.cs\ProductCatalog.API.csproj", "{CE0C0485-1F6D-4B9E-A168-6E91E0CA0797}"
EndProject
Project("{2150E333-8FDC-42A3-9474-1A3956D46DE8}") = "src", "src", "{494E3CEE-24B6-4B02-9BD3-4E04449EC27C}"
EndProject
Project("{2150E333-8FDC-42A3-9474-1A3956D46DE8}") = "tests", "tests", "{050DD766-E5AA-419B-9AA3-FB2C3B531A99}"
EndProject
Project("{9A19103F-16F7-4668-BE54-9A1E7A4F7556}") = "ShoppingCart.Domain", "Services\ShoppingCart\src\Core\ChoppingCart.Domain\ShoppingCart.Domain.csproj", "{99C49270-6EE5-489A-A4D1-B6EE49DC1871}"
EndProject
Project("{9A19103F-16F7-4668-BE54-9A1E7A4F7556}") = "ShoppingCart.Application", "Services\ShoppingCart\src\Core\ShoppingCart.Application\ShoppingCart.Application.csproj", "{A62CEC15-641C-40BD-BD7D-0DA99CDE61D7}"
EndProject
Project("{9A19103F-16F7-4668-BE54-9A1E7A4F7556}") = "ShoppingCart.Infrastructure", "Services\ShoppingCart\src\Infrastructure\ShoppingCart.Infrastructure\ShoppingCart.Infrastructure.csproj", "{D2C32330-A585-49CD-A4EE-BBF1426CEF5B}"
EndProject
Project("{9A19103F-16F7-4668-BE54-9A1E7A4F7556}") = "ShoppingCart.Persistence", "Services\ShoppingCart\src\Infrastructure\ShoppingCatalog.Persistence\ShoppingCart.Persistence.csproj", "{A5E3786D-40CD-4651-A498-8771FFEA25AF}"
EndProject
Project("{9A19103F-16F7-4668-BE54-9A1E7A4F7556}") = "ShoppingCart.API", "Services\ShoppingCart\src\Presentation\ShoppingCart.API\ShoppingCart.API.csproj", "{15D7C36C-C640-434B-90D8-F01556622DEF}"
EndProject
Global
	GlobalSection(SolutionConfigurationPlatforms) = preSolution
		Debug|Any CPU = Debug|Any CPU
		Release|Any CPU = Release|Any CPU
	EndGlobalSection
	GlobalSection(ProjectConfigurationPlatforms) = postSolution
		{62C99674-CC3E-48E7-A01D-2296B6255E58}.Debug|Any CPU.ActiveCfg = Debug|Any CPU
		{62C99674-CC3E-48E7-A01D-2296B6255E58}.Debug|Any CPU.Build.0 = Debug|Any CPU
		{62C99674-CC3E-48E7-A01D-2296B6255E58}.Release|Any CPU.ActiveCfg = Release|Any CPU
		{62C99674-CC3E-48E7-A01D-2296B6255E58}.Release|Any CPU.Build.0 = Release|Any CPU
		{6BAC3B4A-F293-4EBA-86B1-C8DDC9E40F20}.Debug|Any CPU.ActiveCfg = Debug|Any CPU
		{6BAC3B4A-F293-4EBA-86B1-C8DDC9E40F20}.Debug|Any CPU.Build.0 = Debug|Any CPU
		{6BAC3B4A-F293-4EBA-86B1-C8DDC9E40F20}.Release|Any CPU.ActiveCfg = Release|Any CPU
		{6BAC3B4A-F293-4EBA-86B1-C8DDC9E40F20}.Release|Any CPU.Build.0 = Release|Any CPU
		{566B11C7-BE4C-413B-A964-91CA88C7FDCD}.Debug|Any CPU.ActiveCfg = Debug|Any CPU
		{566B11C7-BE4C-413B-A964-91CA88C7FDCD}.Debug|Any CPU.Build.0 = Debug|Any CPU
		{566B11C7-BE4C-413B-A964-91CA88C7FDCD}.Release|Any CPU.ActiveCfg = Release|Any CPU
		{566B11C7-BE4C-413B-A964-91CA88C7FDCD}.Release|Any CPU.Build.0 = Release|Any CPU
		{7FEC6AA6-AC02-49FF-89EE-E476908250B2}.Debug|Any CPU.ActiveCfg = Debug|Any CPU
		{7FEC6AA6-AC02-49FF-89EE-E476908250B2}.Debug|Any CPU.Build.0 = Debug|Any CPU
		{7FEC6AA6-AC02-49FF-89EE-E476908250B2}.Release|Any CPU.ActiveCfg = Release|Any CPU
		{7FEC6AA6-AC02-49FF-89EE-E476908250B2}.Release|Any CPU.Build.0 = Release|Any CPU
		{AD8DB5BC-B151-4489-9317-43AD3639ED98}.Debug|Any CPU.ActiveCfg = Debug|Any CPU
		{AD8DB5BC-B151-4489-9317-43AD3639ED98}.Debug|Any CPU.Build.0 = Debug|Any CPU
		{AD8DB5BC-B151-4489-9317-43AD3639ED98}.Release|Any CPU.ActiveCfg = Release|Any CPU
		{AD8DB5BC-B151-4489-9317-43AD3639ED98}.Release|Any CPU.Build.0 = Release|Any CPU
		{4565945B-8CCC-4796-8282-0DEEA1247BE1}.Debug|Any CPU.ActiveCfg = Debug|Any CPU
		{4565945B-8CCC-4796-8282-0DEEA1247BE1}.Debug|Any CPU.Build.0 = Debug|Any CPU
		{4565945B-8CCC-4796-8282-0DEEA1247BE1}.Release|Any CPU.ActiveCfg = Release|Any CPU
		{4565945B-8CCC-4796-8282-0DEEA1247BE1}.Release|Any CPU.Build.0 = Release|Any CPU
		{F280C326-B55C-40F9-985E-9971A56CE832}.Debug|Any CPU.ActiveCfg = Debug|Any CPU
		{F280C326-B55C-40F9-985E-9971A56CE832}.Debug|Any CPU.Build.0 = Debug|Any CPU
		{F280C326-B55C-40F9-985E-9971A56CE832}.Release|Any CPU.ActiveCfg = Release|Any CPU
		{F280C326-B55C-40F9-985E-9971A56CE832}.Release|Any CPU.Build.0 = Release|Any CPU
		{7F4A65D2-8F7A-4913-A8F6-44E4931555A7}.Debug|Any CPU.ActiveCfg = Debug|Any CPU
		{7F4A65D2-8F7A-4913-A8F6-44E4931555A7}.Debug|Any CPU.Build.0 = Debug|Any CPU
		{7F4A65D2-8F7A-4913-A8F6-44E4931555A7}.Release|Any CPU.ActiveCfg = Release|Any CPU
		{7F4A65D2-8F7A-4913-A8F6-44E4931555A7}.Release|Any CPU.Build.0 = Release|Any CPU
		{A989A7F2-FE61-4309-8BA0-06E9B274D6EB}.Debug|Any CPU.ActiveCfg = Debug|Any CPU
		{A989A7F2-FE61-4309-8BA0-06E9B274D6EB}.Debug|Any CPU.Build.0 = Debug|Any CPU
		{A989A7F2-FE61-4309-8BA0-06E9B274D6EB}.Release|Any CPU.ActiveCfg = Release|Any CPU
		{A989A7F2-FE61-4309-8BA0-06E9B274D6EB}.Release|Any CPU.Build.0 = Release|Any CPU
		{5F0B882E-445F-4788-A1B8-E96FB1EC6007}.Debug|Any CPU.ActiveCfg = Debug|Any CPU
		{5F0B882E-445F-4788-A1B8-E96FB1EC6007}.Debug|Any CPU.Build.0 = Debug|Any CPU
		{5F0B882E-445F-4788-A1B8-E96FB1EC6007}.Release|Any CPU.ActiveCfg = Release|Any CPU
		{5F0B882E-445F-4788-A1B8-E96FB1EC6007}.Release|Any CPU.Build.0 = Release|Any CPU
		{E170004F-5CD9-4EAD-BAD6-CE0C053A709A}.Debug|Any CPU.ActiveCfg = Debug|Any CPU
		{E170004F-5CD9-4EAD-BAD6-CE0C053A709A}.Debug|Any CPU.Build.0 = Debug|Any CPU
		{E170004F-5CD9-4EAD-BAD6-CE0C053A709A}.Release|Any CPU.ActiveCfg = Release|Any CPU
		{E170004F-5CD9-4EAD-BAD6-CE0C053A709A}.Release|Any CPU.Build.0 = Release|Any CPU
		{4403F3DB-3EE4-4D27-8C47-CDB3DD15FC0B}.Debug|Any CPU.ActiveCfg = Debug|Any CPU
		{4403F3DB-3EE4-4D27-8C47-CDB3DD15FC0B}.Debug|Any CPU.Build.0 = Debug|Any CPU
		{4403F3DB-3EE4-4D27-8C47-CDB3DD15FC0B}.Release|Any CPU.ActiveCfg = Release|Any CPU
		{4403F3DB-3EE4-4D27-8C47-CDB3DD15FC0B}.Release|Any CPU.Build.0 = Release|Any CPU
		{44BFE9E5-586A-448F-B9F4-74FE88748A8B}.Debug|Any CPU.ActiveCfg = Debug|Any CPU
		{44BFE9E5-586A-448F-B9F4-74FE88748A8B}.Debug|Any CPU.Build.0 = Debug|Any CPU
		{44BFE9E5-586A-448F-B9F4-74FE88748A8B}.Release|Any CPU.ActiveCfg = Release|Any CPU
		{44BFE9E5-586A-448F-B9F4-74FE88748A8B}.Release|Any CPU.Build.0 = Release|Any CPU
		{CE0C0485-1F6D-4B9E-A168-6E91E0CA0797}.Debug|Any CPU.ActiveCfg = Debug|Any CPU
		{CE0C0485-1F6D-4B9E-A168-6E91E0CA0797}.Debug|Any CPU.Build.0 = Debug|Any CPU
		{CE0C0485-1F6D-4B9E-A168-6E91E0CA0797}.Release|Any CPU.ActiveCfg = Release|Any CPU
		{CE0C0485-1F6D-4B9E-A168-6E91E0CA0797}.Release|Any CPU.Build.0 = Release|Any CPU
		{99C49270-6EE5-489A-A4D1-B6EE49DC1871}.Debug|Any CPU.ActiveCfg = Debug|Any CPU
		{99C49270-6EE5-489A-A4D1-B6EE49DC1871}.Debug|Any CPU.Build.0 = Debug|Any CPU
		{99C49270-6EE5-489A-A4D1-B6EE49DC1871}.Release|Any CPU.ActiveCfg = Release|Any CPU
		{99C49270-6EE5-489A-A4D1-B6EE49DC1871}.Release|Any CPU.Build.0 = Release|Any CPU
		{A62CEC15-641C-40BD-BD7D-0DA99CDE61D7}.Debug|Any CPU.ActiveCfg = Debug|Any CPU
		{A62CEC15-641C-40BD-BD7D-0DA99CDE61D7}.Debug|Any CPU.Build.0 = Debug|Any CPU
		{A62CEC15-641C-40BD-BD7D-0DA99CDE61D7}.Release|Any CPU.ActiveCfg = Release|Any CPU
		{A62CEC15-641C-40BD-BD7D-0DA99CDE61D7}.Release|Any CPU.Build.0 = Release|Any CPU
		{D2C32330-A585-49CD-A4EE-BBF1426CEF5B}.Debug|Any CPU.ActiveCfg = Debug|Any CPU
		{D2C32330-A585-49CD-A4EE-BBF1426CEF5B}.Debug|Any CPU.Build.0 = Debug|Any CPU
		{D2C32330-A585-49CD-A4EE-BBF1426CEF5B}.Release|Any CPU.ActiveCfg = Release|Any CPU
		{D2C32330-A585-49CD-A4EE-BBF1426CEF5B}.Release|Any CPU.Build.0 = Release|Any CPU
		{A5E3786D-40CD-4651-A498-8771FFEA25AF}.Debug|Any CPU.ActiveCfg = Debug|Any CPU
		{A5E3786D-40CD-4651-A498-8771FFEA25AF}.Debug|Any CPU.Build.0 = Debug|Any CPU
		{A5E3786D-40CD-4651-A498-8771FFEA25AF}.Release|Any CPU.ActiveCfg = Release|Any CPU
		{A5E3786D-40CD-4651-A498-8771FFEA25AF}.Release|Any CPU.Build.0 = Release|Any CPU
		{15D7C36C-C640-434B-90D8-F01556622DEF}.Debug|Any CPU.ActiveCfg = Debug|Any CPU
		{15D7C36C-C640-434B-90D8-F01556622DEF}.Debug|Any CPU.Build.0 = Debug|Any CPU
		{15D7C36C-C640-434B-90D8-F01556622DEF}.Release|Any CPU.ActiveCfg = Release|Any CPU
		{15D7C36C-C640-434B-90D8-F01556622DEF}.Release|Any CPU.Build.0 = Release|Any CPU
	EndGlobalSection
	GlobalSection(SolutionProperties) = preSolution
		HideSolutionNode = FALSE
	EndGlobalSection
	GlobalSection(NestedProjects) = preSolution
		{E7A78087-A194-4CFB-9E7E-D87EECE04F04} = {653253F0-9557-440D-A25E-455E25D6AD1B}
		{36750422-A891-4B98-8C85-F94C01B2ACEC} = {653253F0-9557-440D-A25E-455E25D6AD1B}
		{40215BB2-85C2-499C-AD84-AE369E5AF9AC} = {653253F0-9557-440D-A25E-455E25D6AD1B}
		{1BB4FED0-D1C4-48B0-96F7-4C02151514F9} = {7118D80D-F345-4CEF-B337-51F4EFB0C02B}
		{62C99674-CC3E-48E7-A01D-2296B6255E58} = {48226892-ED6F-493E-99AF-F9EBA10E782D}
		{49EE445C-BC67-48E0-B137-65743B3142D8} = {7118D80D-F345-4CEF-B337-51F4EFB0C02B}
		{5D9F5FC6-EED5-4D3D-9CAF-6D9F278CDE5B} = {494E3CEE-24B6-4B02-9BD3-4E04449EC27C}
		{94971BF3-1B2F-47E7-B6E4-EFF04A841D42} = {494E3CEE-24B6-4B02-9BD3-4E04449EC27C}
		{C71ACDC4-AC63-4C2D-AD4D-CEEB008AE6E4} = {494E3CEE-24B6-4B02-9BD3-4E04449EC27C}
		{75D09FB3-C490-4EB8-B1C8-92CDCB8AD95C} = {7118D80D-F345-4CEF-B337-51F4EFB0C02B}
		{A52D403A-3641-4597-A028-153868854EC5} = {4E7AEDC5-041C-405E-BD26-2169EB4C840F}
		{CFE36D18-C728-4507-A57D-167F73FE8141} = {4E7AEDC5-041C-405E-BD26-2169EB4C840F}
		{7FA4642B-39B0-424D-995A-9A9509E48F63} = {4E7AEDC5-041C-405E-BD26-2169EB4C840F}
		{9275D4CB-D97B-4281-9BCA-9B50130BA625} = {7118D80D-F345-4CEF-B337-51F4EFB0C02B}
		{90DFDF09-862D-40D5-99A5-841419232449} = {9275D4CB-D97B-4281-9BCA-9B50130BA625}
		{566B11C7-BE4C-413B-A964-91CA88C7FDCD} = {4C65BD74-0966-4E77-B3AA-1B142BC618DF}
		{4C65BD74-0966-4E77-B3AA-1B142BC618DF} = {9275D4CB-D97B-4281-9BCA-9B50130BA625}
		{AD8DB5BC-B151-4489-9317-43AD3639ED98} = {90DFDF09-862D-40D5-99A5-841419232449}
		{4E7AEDC5-041C-405E-BD26-2169EB4C840F} = {75D09FB3-C490-4EB8-B1C8-92CDCB8AD95C}
		{4565945B-8CCC-4796-8282-0DEEA1247BE1} = {7FA4642B-39B0-424D-995A-9A9509E48F63}
		{F280C326-B55C-40F9-985E-9971A56CE832} = {7FA4642B-39B0-424D-995A-9A9509E48F63}
		{7F4A65D2-8F7A-4913-A8F6-44E4931555A7} = {CFE36D18-C728-4507-A57D-167F73FE8141}
		{A989A7F2-FE61-4309-8BA0-06E9B274D6EB} = {CFE36D18-C728-4507-A57D-167F73FE8141}
		{5F0B882E-445F-4788-A1B8-E96FB1EC6007} = {A52D403A-3641-4597-A028-153868854EC5}
		{6CAC3A61-C2A5-446E-9C76-8BC70E9B3680} = {75D09FB3-C490-4EB8-B1C8-92CDCB8AD95C}
		{653253F0-9557-440D-A25E-455E25D6AD1B} = {1BB4FED0-D1C4-48B0-96F7-4C02151514F9}
		{EC8AACB6-3AF4-4AC4-8CBD-E5151CA4974D} = {1BB4FED0-D1C4-48B0-96F7-4C02151514F9}
		{E170004F-5CD9-4EAD-BAD6-CE0C053A709A} = {36750422-A891-4B98-8C85-F94C01B2ACEC}
		{4403F3DB-3EE4-4D27-8C47-CDB3DD15FC0B} = {36750422-A891-4B98-8C85-F94C01B2ACEC}
		{44BFE9E5-586A-448F-B9F4-74FE88748A8B} = {40215BB2-85C2-499C-AD84-AE369E5AF9AC}
		{CE0C0485-1F6D-4B9E-A168-6E91E0CA0797} = {E7A78087-A194-4CFB-9E7E-D87EECE04F04}
		{494E3CEE-24B6-4B02-9BD3-4E04449EC27C} = {49EE445C-BC67-48E0-B137-65743B3142D8}
		{050DD766-E5AA-419B-9AA3-FB2C3B531A99} = {49EE445C-BC67-48E0-B137-65743B3142D8}
		{99C49270-6EE5-489A-A4D1-B6EE49DC1871} = {C71ACDC4-AC63-4C2D-AD4D-CEEB008AE6E4}
		{A62CEC15-641C-40BD-BD7D-0DA99CDE61D7} = {C71ACDC4-AC63-4C2D-AD4D-CEEB008AE6E4}
		{D2C32330-A585-49CD-A4EE-BBF1426CEF5B} = {94971BF3-1B2F-47E7-B6E4-EFF04A841D42}
		{A5E3786D-40CD-4651-A498-8771FFEA25AF} = {94971BF3-1B2F-47E7-B6E4-EFF04A841D42}
		{15D7C36C-C640-434B-90D8-F01556622DEF} = {5D9F5FC6-EED5-4D3D-9CAF-6D9F278CDE5B}
	EndGlobalSection
	GlobalSection(ExtensibilityGlobals) = postSolution
		SolutionGuid = {25D1D087-E7BF-4B90-B42F-0D1B82CE6C4B}
	EndGlobalSection
EndGlobal
